
Microsoft Visual Studio Solution File, Format Version 12.00
# Visual Studio Version 17
VisualStudioVersion = 17.14.36310.24
MinimumVisualStudioVersion = 10.0.40219.1
Project("{FAE04EC0-301F-11D3-BF4B-00C04F79EFBC}") = "TaskFlow.Domain", "src\TaskFlow.Domain\TaskFlow.Domain.csproj", "{59617439-3293-45C8-AF44-B2AC7BB9D387}"
EndProject
Project("{FAE04EC0-301F-11D3-BF4B-00C04F79EFBC}") = "TaskFlow.Application", "src\TaskFlow.Application\TaskFlow.Application.csproj", "{E0F59171-2934-4F41-8FB8-08B72A73D0C5}"
EndProject
Project("{FAE04EC0-301F-11D3-BF4B-00C04F79EFBC}") = "TaskFlow.Infrastructure", "src\TaskFlow.Infrastructure\TaskFlow.Infrastructure.csproj", "{DCB562A6-3DC7-483E-868A-D2E3D691AF74}"
EndProject
Project("{2150E333-8FDC-42A3-9474-1A3956D46DE8}") = "src", "src", "{02EA681E-C7D8-13C7-8484-4AC65E1B71E8}"
EndProject
Project("{FAE04EC0-301F-11D3-BF4B-00C04F79EFBC}") = "TaskFlow.WebApi", "src\TaskFlow.WebApi\TaskFlow.WebApi.csproj", "{F789DAA9-F1B8-4DFC-B0DD-2C1292F8B0FC}"
EndProject
Project("{2150E333-8FDC-42A3-9474-1A3956D46DE8}") = "test", "test", "{14ECDDB7-3A4C-4423-A505-30ECB76C7977}"
EndProject
Project("{FAE04EC0-301F-11D3-BF4B-00C04F79EFBC}") = "TaskFlow.Tests", "test\TaskFlow.Tests\TaskFlow.Tests.csproj", "{0663F240-B549-40C1-AD84-D0EDC22ADB4E}"
EndProject
Global
	GlobalSection(SolutionConfigurationPlatforms) = preSolution
		Debug|Any CPU = Debug|Any CPU
		Release|Any CPU = Release|Any CPU
	EndGlobalSection
	GlobalSection(ProjectConfigurationPlatforms) = postSolution
		{59617439-3293-45C8-AF44-B2AC7BB9D387}.Debug|Any CPU.ActiveCfg = Debug|Any CPU
		{59617439-3293-45C8-AF44-B2AC7BB9D387}.Debug|Any CPU.Build.0 = Debug|Any CPU
		{59617439-3293-45C8-AF44-B2AC7BB9D387}.Release|Any CPU.ActiveCfg = Release|Any CPU
		{59617439-3293-45C8-AF44-B2AC7BB9D387}.Release|Any CPU.Build.0 = Release|Any CPU
		{E0F59171-2934-4F41-8FB8-08B72A73D0C5}.Debug|Any CPU.ActiveCfg = Debug|Any CPU
		{E0F59171-2934-4F41-8FB8-08B72A73D0C5}.Debug|Any CPU.Build.0 = Debug|Any CPU
		{E0F59171-2934-4F41-8FB8-08B72A73D0C5}.Release|Any CPU.ActiveCfg = Release|Any CPU
		{E0F59171-2934-4F41-8FB8-08B72A73D0C5}.Release|Any CPU.Build.0 = Release|Any CPU
		{DCB562A6-3DC7-483E-868A-D2E3D691AF74}.Debug|Any CPU.ActiveCfg = Debug|Any CPU
		{DCB562A6-3DC7-483E-868A-D2E3D691AF74}.Debug|Any CPU.Build.0 = Debug|Any CPU
		{DCB562A6-3DC7-483E-868A-D2E3D691AF74}.Release|Any CPU.ActiveCfg = Release|Any CPU
		{DCB562A6-3DC7-483E-868A-D2E3D691AF74}.Release|Any CPU.Build.0 = Release|Any CPU
		{F789DAA9-F1B8-4DFC-B0DD-2C1292F8B0FC}.Debug|Any CPU.ActiveCfg = Debug|Any CPU
		{F789DAA9-F1B8-4DFC-B0DD-2C1292F8B0FC}.Debug|Any CPU.Build.0 = Debug|Any CPU
		{F789DAA9-F1B8-4DFC-B0DD-2C1292F8B0FC}.Release|Any CPU.ActiveCfg = Release|Any CPU
		{F789DAA9-F1B8-4DFC-B0DD-2C1292F8B0FC}.Release|Any CPU.Build.0 = Release|Any CPU
		{0663F240-B549-40C1-AD84-D0EDC22ADB4E}.Debug|Any CPU.ActiveCfg = Debug|Any CPU
		{0663F240-B549-40C1-AD84-D0EDC22ADB4E}.Debug|Any CPU.Build.0 = Debug|Any CPU
		{0663F240-B549-40C1-AD84-D0EDC22ADB4E}.Release|Any CPU.ActiveCfg = Release|Any CPU
		{0663F240-B549-40C1-AD84-D0EDC22ADB4E}.Release|Any CPU.Build.0 = Release|Any CPU
	EndGlobalSection
	GlobalSection(SolutionProperties) = preSolution
		HideSolutionNode = FALSE
	EndGlobalSection
	GlobalSection(NestedProjects) = preSolution
		{59617439-3293-45C8-AF44-B2AC7BB9D387} = {02EA681E-C7D8-13C7-8484-4AC65E1B71E8}
		{E0F59171-2934-4F41-8FB8-08B72A73D0C5} = {02EA681E-C7D8-13C7-8484-4AC65E1B71E8}
		{DCB562A6-3DC7-483E-868A-D2E3D691AF74} = {02EA681E-C7D8-13C7-8484-4AC65E1B71E8}
		{F789DAA9-F1B8-4DFC-B0DD-2C1292F8B0FC} = {02EA681E-C7D8-13C7-8484-4AC65E1B71E8}
		{0663F240-B549-40C1-AD84-D0EDC22ADB4E} = {14ECDDB7-3A4C-4423-A505-30ECB76C7977}
	EndGlobalSection
	GlobalSection(ExtensibilityGlobals) = postSolution
		SolutionGuid = {CE923EC4-43AF-41C0-AC55-AEE418341253}
	EndGlobalSection
EndGlobal
